# CPython 3.12, Linux x86_64, glibc >= 2.28; CUDA 13 PyTorch distribution.
# Install after explicit-pc-linux-64.txt with --require-hashes --no-build-isolation.
--only-binary=:all:
--no-binary=feetech-servo-sdk,evdev
attrs==26.1.0 --hash=sha256:c647aa4a12dfbad9333ca4e71fe62ddc36f4e63b2d260a37a8b83d2f043ac309
av==15.1.0 --hash=sha256:11326f197e7001c4ca53a83b2dbc67fd39ddff8cdf62ce6be3b22d9f3f9338bd
cuda-bindings==13.4.1 --hash=sha256:f444d7e488cbc47e79b7be0d1cfe97201f3e1f186a18ee10f2e4da3265975b16
cuda-pathfinder==1.8.1 --hash=sha256:ae0137ff9e56ea97499bcbf54f5f2778ec25f3266715ac86da192a795af982a8
cuda-toolkit==13.0.2 --hash=sha256:b198824cf2f54003f50d64ada3a0f184b42ca0846c1c94192fa269ecd97a66eb
evdev==2.0.0 --hash=sha256:442fb3f4c8dfc9e61e901133c356220c02d663eca8f34722e0cecdd637eba504
feetech-servo-sdk==1.0.0 --hash=sha256:d4d3832e4b1b22a8222133a414db9f868224c2fb639426a1b11d96ddfe84e69c
filelock==3.32.6 --hash=sha256:3f16ecd0117feae0dfc147e8c62eb5daeccd8bd800378c3ddf416de9b4feb6b1
fsspec==2026.7.0 --hash=sha256:b57ddbafedfaef7018c1ecab32aa200a9d7ca26b77965f64e48b70061249d279
iniconfig==2.3.0 --hash=sha256:f631c04d2c48c52b84d0d0549c99ff3859c98df65b3101406327ecc7d53fbf12
Jinja2==3.1.6 --hash=sha256:85ece4451f492d0c13c5dd7c13a64681a86afae63a5f347908daf103ce6d2f67
MarkupSafe==3.0.3 --hash=sha256:d6dd0be5b5b189d31db7cda48b91d7e0a9795f31430b7f271219ab30f1d3ac9d
mpmath==1.3.0 --hash=sha256:a0b2b9fe80bbcd81a6647ff13108738cfb482d481d826cc0e02f5b35e5c88d2c
networkx==3.6.1 --hash=sha256:d47fbf302e7d9cbbb9e2555a0d267983d2aa476bac30e90dfbe5669bd57f3762
numpy==2.2.6 --hash=sha256:fd83c01228a688733f1ded5201c678f0c53ecc1006ffbc404db9f7a899ac6249
nvidia-cublas==13.1.0.3 --hash=sha256:ee8722c1f0145ab246bccb9e452153b5e0515fd094c3678df50b2a0888b8b171
nvidia-cuda-cupti==13.0.85 --hash=sha256:4eb01c08e859bf924d222250d2e8f8b8ff6d3db4721288cf35d14252a4d933c8
nvidia-cuda-nvrtc==13.0.88 --hash=sha256:ad9b6d2ead2435f11cbb6868809d2adeeee302e9bb94bcf0539c7a40d80e8575
nvidia-cuda-runtime==13.0.96 --hash=sha256:7f82250d7782aa23b6cfe765ecc7db554bd3c2870c43f3d1821f1d18aebf0548
nvidia-cudnn-cu13==9.19.0.56 --hash=sha256:d20e1734305e9d68889a96e3f35094d733ff1f83932ebe462753973e53a572bf
nvidia-cufft==12.0.0.61 --hash=sha256:6c44f692dce8fd5ffd3e3df134b6cdb9c2f72d99cf40b62c32dde45eea9ddad3
nvidia-cufile==1.15.1.6 --hash=sha256:08a3ecefae5a01c7f5117351c64f17c7c62efa5fffdbe24fc7d298da19cd0b44
nvidia-curand==10.4.0.35 --hash=sha256:1aee33a5da6e1db083fe2b90082def8915f30f3248d5896bcec36a579d941bfc
nvidia-cusolver==12.0.4.66 --hash=sha256:0a759da5dea5c0ea10fd307de75cdeb59e7ea4fcb8add0924859b944babf1112
nvidia-cusparse==12.6.3.3 --hash=sha256:2b3c89c88d01ee0e477cb7f82ef60a11a4bcd57b6b87c33f789350b59759360b
nvidia-cusparselt-cu13==0.8.0 --hash=sha256:25e30a8a7323935d4ad0340b95a0b69926eee755767e8e0b1cf8dd85b197d3fd
nvidia-nccl-cu13==2.28.9 --hash=sha256:e4553a30f34195f3fa1da02a6da3d6337d28f2003943aa0a3d247bbc25fefc42
nvidia-nvjitlink==13.0.88 --hash=sha256:13a74f429e23b921c1109976abefacc69835f2f433ebd323d3946e11d804e47b
nvidia-nvshmem-cu13==3.4.5 --hash=sha256:290f0a2ee94c9f3687a02502f3b9299a9f9fe826e6d0287ee18482e78d495b80
nvidia-nvtx==13.0.85 --hash=sha256:4936d1d6780fbe68db454f5e72a42ff64d1fd6397df9f363ae786930fd5c1cd4
opencv-python-headless==4.13.0.92 --hash=sha256:0bd48544f77c68b2941392fcdf9bcd2b9cdf00e98cb8c29b2455d194763cf99e
pandas==2.3.3 --hash=sha256:b3d11d2fda7eb164ef27ffc14b4fcab16a80e1ce67e9f57e19ec0afaf715ba89
pillow==12.3.0 --hash=sha256:78cb2c6865a35ab8ff8b75fd122f6033b92a62c82801110e48ddd6c936a45d91
pluggy==1.6.0 --hash=sha256:e920276dd6813095e9377c0bc5566d94c932c33b27a3e3945d8389c374dd4746
pyarrow==24.0.0 --hash=sha256:6165461f55ef6314f026de6638d661188e3455d3ec49834556a0ebbdbace18bb
Pygments==2.21.0 --hash=sha256:2363c69b61c4a97c838da3b130dcd6468f4848992b21a82f2a63ec34377137d9
pynput==1.8.2 --hash=sha256:8cc38cf13a6ab2749cb375678be8a0fd705d7ce49c8001ff5db4007a723bbef1
pyserial==3.5 --hash=sha256:c4451db6ba391ca6ca299fb3ec7bae67a5c55dde170964c7a14ceefec02f2cf0
pytest==8.4.2 --hash=sha256:872f880de3fc3a5bdc88a11b39c9710c3497a547cfa9320bc3c5e62fbf272e79
python-dateutil==2.9.0.post0 --hash=sha256:a8b2bc7bffae282281c8140a97d3aa9c14da0b136dfe83f850eea9a5f7470427
python-xlib==0.33 --hash=sha256:c3534038d42e0df2f1392a1b30a15a4ff5fdc2b86cfa94f072bf11b10a164398
pytz==2026.3.post1 --hash=sha256:dd95840dd199baea12d9cc096a1d452caa6596a1c1e4b5f3dbd1541855d5e815
pyzmq==27.1.0 --hash=sha256:43ad9a73e3da1fab5b0e7e13402f0b2fb934ae1c876c51d0afff0e7c052eca31
rerun-sdk==0.26.2 --hash=sha256:a6f97b60aaa7d4e8c6124a3f6b97ce9dbd09520050955f0e0bdacb72b0eb106a
ruff==0.15.20 --hash=sha256:309809086c2acb67624950a3c8133e80f32d0d3e27106c0cd60ff26657c9f24b
scipy==1.18.0 --hash=sha256:1f55797419e16e7f30cf88ffb3113ce0467f00cfe3f70d5c281730b21769bfc2
six==1.17.0 --hash=sha256:4721f391ed90541fddacab5acf947aa0d3dc7d27b2e1e8eda2be8970586c3274
sympy==1.14.0 --hash=sha256:e091cc3e99d2141a0ba2847328f5479b05d94a6635cb96148ccb3f34671bd8f5
torch==2.11.0 --hash=sha256:0f68f4ac6d95d12e896c3b7a912b5871619542ec54d3649cf48cc1edd4dd2756
torchcodec==0.11.1 --hash=sha256:6c26e90e7aa982302644d0af8cb706318682bb390f48a80ecbfeab03499acd04
torchvision==0.26.0 --hash=sha256:d61a5abb6b42a0c0c311996c2ac4b83a94418a97182c83b055a2a4ae985e05aa
triton==3.6.0 --hash=sha256:74caf5e34b66d9f3a429af689c1c7128daba1d8208df60e81106b115c00d6fca
typing_extensions==4.16.0 --hash=sha256:481caa481374e813c1b176ada14e97f1f67a4539ce9cfeb3f350d78d6370c2e8
tzdata==2026.4 --hash=sha256:c2169a8b0a7a5e9674da5a135ccdfb2b3e671b333ed9fed17b41f73c34476e81
